// !$*UTF8*$!
{
	archiveVersion = 1;
	classes = {
	};
	objectVersion = 46;
	objects = {

/* Begin PBXBuildFile section */
		078D50E21C994AA700213D06 /* main.m in Sources */ = {isa = PBXBuildFile; fileRef = 078D50E11C994AA700213D06 /* main.m */; };
		078D50E51C994AA700213D06 /* AppDelegate.m in Sources */ = {isa = PBXBuildFile; fileRef = 078D50E41C994AA700213D06 /* AppDelegate.m */; };
		078D50E81C994AA700213D06 /* ViewController.m in Sources */ = {isa = PBXBuildFile; fileRef = 078D50E71C994AA700213D06 /* ViewController.m */; };
		078D50EB1C994AA700213D06 /* Main.storyboard in Resources */ = {isa = PBXBuildFile; fileRef = 078D50E91C994AA700213D06 /* Main.storyboard */; };
		078D50ED1C994AA700213D06 /* Assets.xcassets in Resources */ = {isa = PBXBuildFile; fileRef = 078D50EC1C994AA700213D06 /* Assets.xcassets */; };
		078D50F01C994AA700213D06 /* LaunchScreen.storyboard in Resources */ = {isa = PBXBuildFile; fileRef = 078D50EE1C994AA700213D06 /* LaunchScreen.storyboard */; };
		078D50FB1C994AA700213D06 /* EditPDFControllerTests.m in Sources */ = {isa = PBXBuildFile; fileRef = 078D50FA1C994AA700213D06 /* EditPDFControllerTests.m */; };
		078D51061C994AA700213D06 /* EditPDFControllerUITests.m in Sources */ = {isa = PBXBuildFile; fileRef = 078D51051C994AA700213D06 /* EditPDFControllerUITests.m */; };
		078D511F1C994B0900213D06 /* a.pdf in Resources */ = {isa = PBXBuildFile; fileRef = 078D51171C994B0900213D06 /* a.pdf */; };
		078D51201C994B0900213D06 /* a.xml in Resources */ = {isa = PBXBuildFile; fileRef = 078D51181C994B0900213D06 /* a.xml */; };
		078D51211C994B0900213D06 /* EFormBaseViewController.m in Sources */ = {isa = PBXBuildFile; fileRef = 078D511A1C994B0900213D06 /* EFormBaseViewController.m */; };
		078D51221C994B0900213D06 /* EFormUIImageView.m in Sources */ = {isa = PBXBuildFile; fileRef = 078D511C1C994B0900213D06 /* EFormUIImageView.m */; };
		078D51251C994B1C00213D06 /* UIKit.framework in Frameworks */ = {isa = PBXBuildFile; fileRef = 078D51241C994B1C00213D06 /* UIKit.framework */; };
		078D51271C994B2500213D06 /* CoreGraphics.framework in Frameworks */ = {isa = PBXBuildFile; fileRef = 078D51261C994B2500213D06 /* CoreGraphics.framework */; };
		078D51291C99527600213D06 /* b.pdf in Resources */ = {isa = PBXBuildFile; fileRef = 078D51281C99527600213D06 /* b.pdf */; };
		078D51401C99583500213D06 /* PdfTableCell.m in Sources */ = {isa = PBXBuildFile; fileRef = 078D513F1C99583500213D06 /* PdfTableCell.m */; };
		078D51431C9958B500213D06 /* TableViewForInputUI.m in Sources */ = {isa = PBXBuildFile; fileRef = 078D51421C9958B500213D06 /* TableViewForInputUI.m */; settings = {COMPILER_FLAGS = "-fno-objc-arc"; }; };
		078D51461C9958C400213D06 /* PdfTableView.m in Sources */ = {isa = PBXBuildFile; fileRef = 078D51451C9958C400213D06 /* PdfTableView.m */; };
		078D51491C995A5400213D06 /* EFormBaseView.m in Sources */ = {isa = PBXBuildFile; fileRef = 078D51481C995A5400213D06 /* EFormBaseView.m */; settings = {COMPILER_FLAGS = "-fno-objc-arc"; }; };
		E4152EEA1D76830E00E45B2D /* AVFoundation.framework in Frameworks */ = {isa = PBXBuildFile; fileRef = E4152EE91D76830E00E45B2D /* AVFoundation.framework */; };
		E4152EEC1D7684A400E45B2D /* asdf.mp3 in Resources */ = {isa = PBXBuildFile; fileRef = E4152EEB1D7684A400E45B2D /* asdf.mp3 */; };
		E4820E811C9B936100F3064F /* EFormEntity.m in Sources */ = {isa = PBXBuildFile; fileRef = E4820E7E1C9B936100F3064F /* EFormEntity.m */; settings = {COMPILER_FLAGS = "-fno-objc-arc"; }; };
		E4820E821C9B936100F3064F /* EFormFileEntity.m in Sources */ = {isa = PBXBuildFile; fileRef = E4820E801C9B936100F3064F /* EFormFileEntity.m */; settings = {COMPILER_FLAGS = "-fno-objc-arc"; }; };
		E4820E891C9B93A000F3064F /* EFormXMLEntity.m in Sources */ = {isa = PBXBuildFile; fileRef = E4820E881C9B93A000F3064F /* EFormXMLEntity.m */; settings = {COMPILER_FLAGS = "-fno-objc-arc"; }; };
		E4820E901C9B93D700F3064F /* EFormUtil.m in Sources */ = {isa = PBXBuildFile; fileRef = E4820E8B1C9B93D700F3064F /* EFormUtil.m */; };
		E4820E911C9B93D700F3064F /* PDFRenderer.m in Sources */ = {isa = PBXBuildFile; fileRef = E4820E8D1C9B93D700F3064F /* PDFRenderer.m */; };
		E4820E921C9B93D700F3064F /* TBXML.m in Sources */ = {isa = PBXBuildFile; fileRef = E4820E8F1C9B93D700F3064F /* TBXML.m */; settings = {COMPILER_FLAGS = "-fno-objc-arc"; }; };
/* End PBXBuildFile section */

/* Begin PBXContainerItemProxy section */
		078D50F71C994AA700213D06 /* PBXContainerItemProxy */ = {
			isa = PBXContainerItemProxy;
			containerPortal = 078D50D51C994AA700213D06 /* Project object */;
			proxyType = 1;
			remoteGlobalIDString = 078D50DC1C994AA700213D06;
			remoteInfo = EditPDFController;
		};
		078D51021C994AA700213D06 /* PBXContainerItemProxy */ = {
			isa = PBXContainerItemProxy;
			containerPortal = 078D50D51C994AA700213D06 /* Project object */;
			proxyType = 1;
			remoteGlobalIDString = 078D50DC1C994AA700213D06;
			remoteInfo = EditPDFController;
		};
/* End PBXContainerItemProxy section */

/* Begin PBXFileReference section */
		0775575F1C9A793C00F3574B /* EFormDataDelegate.h */ = {isa = PBXFileReference; fileEncoding = 4; lastKnownFileType = sourcecode.c.h; path = EFormDataDelegate.h; sourceTree = "<group>"; };
		077557601C9A793C00F3574B /* EFormDelegate.h */ = {isa = PBXFileReference; fileEncoding = 4; lastKnownFileType = sourcecode.c.h; path = EFormDelegate.h; sourceTree = "<group>"; };
		077557761C9A7ADA00F3574B /* libxml2.tbd */ = {isa = PBXFileReference; lastKnownFileType = "sourcecode.text-based-dylib-definition"; name = libxml2.tbd; path = usr/lib/libxml2.tbd; sourceTree = SDKROOT; };
		077557781C9A7CC900F3574B /* Foundation.framework */ = {isa = PBXFileReference; lastKnownFileType = wrapper.framework; name = Foundation.framework; path = System/Library/Frameworks/Foundation.framework; sourceTree = SDKROOT; };
		078D50DD1C994AA700213D06 /* EditPDFController.app */ = {isa = PBXFileReference; explicitFileType = wrapper.application; includeInIndex = 0; path = EditPDFController.app; sourceTree = BUILT_PRODUCTS_DIR; };
		078D50E11C994AA700213D06 /* main.m */ = {isa = PBXFileReference; lastKnownFileType = sourcecode.c.objc; path = main.m; sourceTree = "<group>"; };
		078D50E31C994AA700213D06 /* AppDelegate.h */ = {isa = PBXFileReference; lastKnownFileType = sourcecode.c.h; path = AppDelegate.h; sourceTree = "<group>"; };
		078D50E41C994AA700213D06 /* AppDelegate.m */ = {isa = PBXFileReference; lastKnownFileType = sourcecode.c.objc; path = AppDelegate.m; sourceTree = "<group>"; };
		078D50E61C994AA700213D06 /* ViewController.h */ = {isa = PBXFileReference; lastKnownFileType = sourcecode.c.h; path = ViewController.h; sourceTree = "<group>"; };
		078D50E71C994AA700213D06 /* ViewController.m */ = {isa = PBXFileReference; lastKnownFileType = sourcecode.c.objc; path = ViewController.m; sourceTree = "<group>"; };
		078D50EA1C994AA700213D06 /* Base */ = {isa = PBXFileReference; lastKnownFileType = file.storyboard; name = Base; path = Base.lproj/Main.storyboard; sourceTree = "<group>"; };
		078D50EC1C994AA700213D06 /* Assets.xcassets */ = {isa = PBXFileReference; lastKnownFileType = folder.assetcatalog; path = Assets.xcassets; sourceTree = "<group>"; };
		078D50EF1C994AA700213D06 /* Base */ = {isa = PBXFileReference; lastKnownFileType = file.storyboard; name = Base; path = Base.lproj/LaunchScreen.storyboard; sourceTree = "<group>"; };
		078D50F11C994AA700213D06 /* Info.plist */ = {isa = PBXFileReference; lastKnownFileType = text.plist.xml; path = Info.plist; sourceTree = "<group>"; };
		078D50F61C994AA700213D06 /* EditPDFControllerTests.xctest */ = {isa = PBXFileReference; explicitFileType = wrapper.cfbundle; includeInIndex = 0; path = EditPDFControllerTests.xctest; sourceTree = BUILT_PRODUCTS_DIR; };
		078D50FA1C994AA700213D06 /* EditPDFControllerTests.m */ = {isa = PBXFileReference; lastKnownFileType = sourcecode.c.objc; path = EditPDFControllerTests.m; sourceTree = "<group>"; };
		078D50FC1C994AA700213D06 /* Info.plist */ = {isa = PBXFileReference; lastKnownFileType = text.plist.xml; path = Info.plist; sourceTree = "<group>"; };
		078D51011C994AA700213D06 /* EditPDFControllerUITests.xctest */ = {isa = PBXFileReference; explicitFileType = wrapper.cfbundle; includeInIndex = 0; path = EditPDFControllerUITests.xctest; sourceTree = BUILT_PRODUCTS_DIR; };
		078D51051C994AA700213D06 /* EditPDFControllerUITests.m */ = {isa = PBXFileReference; lastKnownFileType = sourcecode.c.objc; path = EditPDFControllerUITests.m; sourceTree = "<group>"; };
		078D51071C994AA700213D06 /* Info.plist */ = {isa = PBXFileReference; lastKnownFileType = text.plist.xml; path = Info.plist; sourceTree = "<group>"; };
		078D51171C994B0900213D06 /* a.pdf */ = {isa = PBXFileReference; lastKnownFileType = image.pdf; path = a.pdf; sourceTree = "<group>"; };
		078D51181C994B0900213D06 /* a.xml */ = {isa = PBXFileReference; fileEncoding = 4; lastKnownFileType = text.xml; path = a.xml; sourceTree = "<group>"; };
		078D51191C994B0900213D06 /* EFormBaseViewController.h */ = {isa = PBXFileReference; fileEncoding = 4; lastKnownFileType = sourcecode.c.h; path = EFormBaseViewController.h; sourceTree = "<group>"; };
		078D511A1C994B0900213D06 /* EFormBaseViewController.m */ = {isa = PBXFileReference; fileEncoding = 4; lastKnownFileType = sourcecode.c.objc; path = EFormBaseViewController.m; sourceTree = "<group>"; };
		078D511B1C994B0900213D06 /* EFormUIImageView.h */ = {isa = PBXFileReference; fileEncoding = 4; lastKnownFileType = sourcecode.c.h; path = EFormUIImageView.h; sourceTree = "<group>"; };
		078D511C1C994B0900213D06 /* EFormUIImageView.m */ = {isa = PBXFileReference; fileEncoding = 4; lastKnownFileType = sourcecode.c.objc; path = EFormUIImageView.m; sourceTree = "<group>"; };
		078D511D1C994B0900213D06 /* PdfTableCell.h */ = {isa = PBXFileReference; fileEncoding = 4; lastKnownFileType = sourcecode.c.h; path = PdfTableCell.h; sourceTree = "<group>"; };
		078D51241C994B1C00213D06 /* UIKit.framework */ = {isa = PBXFileReference; lastKnownFileType = wrapper.framework; name = UIKit.framework; path = System/Library/Frameworks/UIKit.framework; sourceTree = SDKROOT; };
		078D51261C994B2500213D06 /* CoreGraphics.framework */ = {isa = PBXFileReference; lastKnownFileType = wrapper.framework; name = CoreGraphics.framework; path = System/Library/Frameworks/CoreGraphics.framework; sourceTree = SDKROOT; };
		078D51281C99527600213D06 /* b.pdf */ = {isa = PBXFileReference; lastKnownFileType = image.pdf; path = b.pdf; sourceTree = "<group>"; };
		078D513F1C99583500213D06 /* PdfTableCell.m */ = {isa = PBXFileReference; fileEncoding = 4; lastKnownFileType = sourcecode.c.objc; path = PdfTableCell.m; sourceTree = "<group>"; };
		078D51411C9958B500213D06 /* TableViewForInputUI.h */ = {isa = PBXFileReference; fileEncoding = 4; lastKnownFileType = sourcecode.c.h; path = TableViewForInputUI.h; sourceTree = "<group>"; };
		078D51421C9958B500213D06 /* TableViewForInputUI.m */ = {isa = PBXFileReference; fileEncoding = 4; lastKnownFileType = sourcecode.c.objc; path = TableViewForInputUI.m; sourceTree = "<group>"; };
		078D51441C9958C400213D06 /* PdfTableView.h */ = {isa = PBXFileReference; fileEncoding = 4; lastKnownFileType = sourcecode.c.h; path = PdfTableView.h; sourceTree = "<group>"; };
		078D51451C9958C400213D06 /* PdfTableView.m */ = {isa = PBXFileReference; fileEncoding = 4; lastKnownFileType = sourcecode.c.objc; path = PdfTableView.m; sourceTree = "<group>"; };
		078D51471C995A5400213D06 /* EFormBaseView.h */ = {isa = PBXFileReference; fileEncoding = 4; lastKnownFileType = sourcecode.c.h; path = EFormBaseView.h; sourceTree = "<group>"; };
		078D51481C995A5400213D06 /* EFormBaseView.m */ = {isa = PBXFileReference; fileEncoding = 4; lastKnownFileType = sourcecode.c.objc; path = EFormBaseView.m; sourceTree = "<group>"; };
		E4152EE91D76830E00E45B2D /* AVFoundation.framework */ = {isa = PBXFileReference; lastKnownFileType = wrapper.framework; name = AVFoundation.framework; path = System/Library/Frameworks/AVFoundation.framework; sourceTree = SDKROOT; };
		E4152EEB1D7684A400E45B2D /* asdf.mp3 */ = {isa = PBXFileReference; lastKnownFileType = audio.mp3; path = asdf.mp3; sourceTree = "<group>"; };
		E4820E7D1C9B936100F3064F /* EFormEntity.h */ = {isa = PBXFileReference; fileEncoding = 4; lastKnownFileType = sourcecode.c.h; path = EFormEntity.h; sourceTree = "<group>"; };
		E4820E7E1C9B936100F3064F /* EFormEntity.m */ = {isa = PBXFileReference; fileEncoding = 4; lastKnownFileType = sourcecode.c.objc; path = EFormEntity.m; sourceTree = "<group>"; };
		E4820E7F1C9B936100F3064F /* EFormFileEntity.h */ = {isa = PBXFileReference; fileEncoding = 4; lastKnownFileType = sourcecode.c.h; path = EFormFileEntity.h; sourceTree = "<group>"; };
		E4820E801C9B936100F3064F /* EFormFileEntity.m */ = {isa = PBXFileReference; fileEncoding = 4; lastKnownFileType = sourcecode.c.objc; path = EFormFileEntity.m; sourceTree = "<group>"; };
		E4820E831C9B936900F3064F /* EFormComponent.h */ = {isa = PBXFileReference; fileEncoding = 4; lastKnownFileType = sourcecode.c.h; path = EFormComponent.h; sourceTree = "<group>"; };
		E4820E871C9B93A000F3064F /* EFormXMLEntity.h */ = {isa = PBXFileReference; fileEncoding = 4; lastKnownFileType = sourcecode.c.h; path = EFormXMLEntity.h; sourceTree = "<group>"; };
		E4820E881C9B93A000F3064F /* EFormXMLEntity.m */ = {isa = PBXFileReference; fileEncoding = 4; lastKnownFileType = sourcecode.c.objc; path = EFormXMLEntity.m; sourceTree = "<group>"; };
		E4820E8A1C9B93D700F3064F /* EFormUtil.h */ = {isa = PBXFileReference; fileEncoding = 4; lastKnownFileType = sourcecode.c.h; path = EFormUtil.h; sourceTree = "<group>"; };
		E4820E8B1C9B93D700F3064F /* EFormUtil.m */ = {isa = PBXFileReference; fileEncoding = 4; lastKnownFileType = sourcecode.c.objc; path = EFormUtil.m; sourceTree = "<group>"; };
		E4820E8C1C9B93D700F3064F /* PDFRenderer.h */ = {isa = PBXFileReference; fileEncoding = 4; lastKnownFileType = sourcecode.c.h; path = PDFRenderer.h; sourceTree = "<group>"; };
		E4820E8D1C9B93D700F3064F /* PDFRenderer.m */ = {isa = PBXFileReference; fileEncoding = 4; lastKnownFileType = sourcecode.c.objc; path = PDFRenderer.m; sourceTree = "<group>"; };
		E4820E8E1C9B93D700F3064F /* TBXML.h */ = {isa = PBXFileReference; fileEncoding = 4; lastKnownFileType = sourcecode.c.h; path = TBXML.h; sourceTree = "<group>"; };
		E4820E8F1C9B93D700F3064F /* TBXML.m */ = {isa = PBXFileReference; fileEncoding = 4; lastKnownFileType = sourcecode.c.objc; path = TBXML.m; sourceTree = "<group>"; };
/* End PBXFileReference section */

/* Begin PBXFrameworksBuildPhase section */
		078D50DA1C994AA700213D06 /* Frameworks */ = {
			isa = PBXFrameworksBuildPhase;
			buildActionMask = 2147483647;
			files = (
				E4152EEA1D76830E00E45B2D /* AVFoundation.framework in Frameworks */,
				078D51271C994B2500213D06 /* CoreGraphics.framework in Frameworks */,
				078D51251C994B1C00213D06 /* UIKit.framework in Frameworks */,
			);
			runOnlyForDeploymentPostprocessing = 0;
		};
		078D50F31C994AA700213D06 /* Frameworks */ = {
			isa = PBXFrameworksBuildPhase;
			buildActionMask = 2147483647;
			files = (
			);
			runOnlyForDeploymentPostprocessing = 0;
		};
		078D50FE1C994AA700213D06 /* Frameworks */ = {
			isa = PBXFrameworksBuildPhase;
			buildActionMask = 2147483647;
			files = (
			);
			runOnlyForDeploymentPostprocessing = 0;
		};
/* End PBXFrameworksBuildPhase section */

/* Begin PBXGroup section */
		078D50D41C994AA700213D06 = {
			isa = PBXGroup;
			children = (
				E4152EE91D76830E00E45B2D /* AVFoundation.framework */,
				078D50DF1C994AA700213D06 /* EditPDFController */,
				078D50F91C994AA700213D06 /* EditPDFControllerTests */,
				078D51041C994AA700213D06 /* EditPDFControllerUITests */,
				078D50DE1C994AA700213D06 /* Products */,
			);
			sourceTree = "<group>";
		};
		078D50DE1C994AA700213D06 /* Products */ = {
			isa = PBXGroup;
			children = (
				078D50DD1C994AA700213D06 /* EditPDFController.app */,
				078D50F61C994AA700213D06 /* EditPDFControllerTests.xctest */,
				078D51011C994AA700213D06 /* EditPDFControllerUITests.xctest */,
			);
			name = Products;
			sourceTree = "<group>";
		};
		078D50DF1C994AA700213D06 /* EditPDFController */ = {
			isa = PBXGroup;
			children = (
				078D50E31C994AA700213D06 /* AppDelegate.h */,
				078D50E41C994AA700213D06 /* AppDelegate.m */,
				078D50E61C994AA700213D06 /* ViewController.h */,
				078D50E71C994AA700213D06 /* ViewController.m */,
				078D51191C994B0900213D06 /* EFormBaseViewController.h */,
				078D511A1C994B0900213D06 /* EFormBaseViewController.m */,
				078D511B1C994B0900213D06 /* EFormUIImageView.h */,
				078D511C1C994B0900213D06 /* EFormUIImageView.m */,
				078D511D1C994B0900213D06 /* PdfTableCell.h */,
				078D513F1C99583500213D06 /* PdfTableCell.m */,
				078D51411C9958B500213D06 /* TableViewForInputUI.h */,
				078D51421C9958B500213D06 /* TableViewForInputUI.m */,
				078D51441C9958C400213D06 /* PdfTableView.h */,
				078D51451C9958C400213D06 /* PdfTableView.m */,
				078D51471C995A5400213D06 /* EFormBaseView.h */,
				078D51481C995A5400213D06 /* EFormBaseView.m */,
				0775575F1C9A793C00F3574B /* EFormDataDelegate.h */,
				077557601C9A793C00F3574B /* EFormDelegate.h */,
				E4820E7D1C9B936100F3064F /* EFormEntity.h */,
				E4820E7E1C9B936100F3064F /* EFormEntity.m */,
				E4820E7F1C9B936100F3064F /* EFormFileEntity.h */,
				E4820E801C9B936100F3064F /* EFormFileEntity.m */,
				E4820E831C9B936900F3064F /* EFormComponent.h */,
				E4820E871C9B93A000F3064F /* EFormXMLEntity.h */,
				E4820E881C9B93A000F3064F /* EFormXMLEntity.m */,
				E4820E8A1C9B93D700F3064F /* EFormUtil.h */,
				E4820E8B1C9B93D700F3064F /* EFormUtil.m */,
				E4820E8C1C9B93D700F3064F /* PDFRenderer.h */,
				E4820E8D1C9B93D700F3064F /* PDFRenderer.m */,
				E4820E8E1C9B93D700F3064F /* TBXML.h */,
				E4820E8F1C9B93D700F3064F /* TBXML.m */,
				078D50E01C994AA700213D06 /* Supporting Files */,
			);
			path = EditPDFController;
			sourceTree = "<group>";
		};
		078D50E01C994AA700213D06 /* Supporting Files */ = {
			isa = PBXGroup;
			children = (
				E4152EEB1D7684A400E45B2D /* asdf.mp3 */,
				077557781C9A7CC900F3574B /* Foundation.framework */,
				077557761C9A7ADA00F3574B /* libxml2.tbd */,
				078D51261C994B2500213D06 /* CoreGraphics.framework */,
				078D51241C994B1C00213D06 /* UIKit.framework */,
				078D50E91C994AA700213D06 /* Main.storyboard */,
				078D50EC1C994AA700213D06 /* Assets.xcassets */,
				078D50EE1C994AA700213D06 /* LaunchScreen.storyboard */,
				078D50F11C994AA700213D06 /* Info.plist */,
				078D51171C994B0900213D06 /* a.pdf */,
				078D51281C99527600213D06 /* b.pdf */,
				078D51181C994B0900213D06 /* a.xml */,
				078D50E11C994AA700213D06 /* main.m */,
			);
			name = "Supporting Files";
			sourceTree = "<group>";
		};
		078D50F91C994AA700213D06 /* EditPDFControllerTests */ = {
			isa = PBXGroup;
			children = (
				078D50FA1C994AA700213D06 /* EditPDFControllerTests.m */,
				078D50FC1C994AA700213D06 /* Info.plist */,
			);
			path = EditPDFControllerTests;
			sourceTree = "<group>";
		};
		078D51041C994AA700213D06 /* EditPDFControllerUITests */ = {
			isa = PBXGroup;
			children = (
				078D51051C994AA700213D06 /* EditPDFControllerUITests.m */,
				078D51071C994AA700213D06 /* Info.plist */,
			);
			path = EditPDFControllerUITests;
			sourceTree = "<group>";
		};
/* End PBXGroup section */

/* Begin PBXNativeTarget section */
		078D50DC1C994AA700213D06 /* EditPDFController */ = {
			isa = PBXNativeTarget;
			buildConfigurationList = 078D510A1C994AA700213D06 /* Build configuration list for PBXNativeTarget "EditPDFController" */;
			buildPhases = (
				078D50D91C994AA700213D06 /* Sources */,
				078D50DA1C994AA700213D06 /* Frameworks */,
				078D50DB1C994AA700213D06 /* Resources */,
			);
			buildRules = (
			);
			dependencies = (
			);
			name = EditPDFController;
			productName = EditPDFController;
			productReference = 078D50DD1C994AA700213D06 /* EditPDFController.app */;
			productType = "com.apple.product-type.application";
		};
		078D50F51C994AA700213D06 /* EditPDFControllerTests */ = {
			isa = PBXNativeTarget;
			buildConfigurationList = 078D510D1C994AA700213D06 /* Build configuration list for PBXNativeTarget "EditPDFControllerTests" */;
			buildPhases = (
				078D50F21C994AA700213D06 /* Sources */,
				078D50F31C994AA700213D06 /* Frameworks */,
				078D50F41C994AA700213D06 /* Resources */,
			);
			buildRules = (
			);
			dependencies = (
				078D50F81C994AA700213D06 /* PBXTargetDependency */,
			);
			name = EditPDFControllerTests;
			productName = EditPDFControllerTests;
			productReference = 078D50F61C994AA700213D06 /* EditPDFControllerTests.xctest */;
			productType = "com.apple.product-type.bundle.unit-test";
		};
		078D51001C994AA700213D06 /* EditPDFControllerUITests */ = {
			isa = PBXNativeTarget;
			buildConfigurationList = 078D51101C994AA700213D06 /* Build configuration list for PBXNativeTarget "EditPDFControllerUITests" */;
			buildPhases = (
				078D50FD1C994AA700213D06 /* Sources */,
				078D50FE1C994AA700213D06 /* Frameworks */,
				078D50FF1C994AA700213D06 /* Resources */,
			);
			buildRules = (
			);
			dependencies = (
				078D51031C994AA700213D06 /* PBXTargetDependency */,
			);
			name = EditPDFControllerUITests;
			productName = EditPDFControllerUITests;
			productReference = 078D51011C994AA700213D06 /* EditPDFControllerUITests.xctest */;
			productType = "com.apple.product-type.bundle.ui-testing";
		};
/* End PBXNativeTarget section */

/* Begin PBXProject section */
		078D50D51C994AA700213D06 /* Project object */ = {
			isa = PBXProject;
			attributes = {
				LastUpgradeCheck = 0700;
				ORGANIZATIONNAME = test;
				TargetAttributes = {
					078D50DC1C994AA700213D06 = {
						CreatedOnToolsVersion = 7.0.1;
					};
					078D50F51C994AA700213D06 = {
						CreatedOnToolsVersion = 7.0.1;
						DevelopmentTeam = 85BEAFMLAK;
						TestTargetID = 078D50DC1C994AA700213D06;
					};
					078D51001C994AA700213D06 = {
						CreatedOnToolsVersion = 7.0.1;
						DevelopmentTeam = 85BEAFMLAK;
						TestTargetID = 078D50DC1C994AA700213D06;
					};
				};
			};
			buildConfigurationList = 078D50D81C994AA700213D06 /* Build configuration list for PBXProject "EditPDFController" */;
			compatibilityVersion = "Xcode 3.2";
			developmentRegion = English;
			hasScannedForEncodings = 0;
			knownRegions = (
				en,
				Base,
			);
			mainGroup = 078D50D41C994AA700213D06;
			productRefGroup = 078D50DE1C994AA700213D06 /* Products */;
			projectDirPath = "";
			projectRoot = "";
			targets = (
				078D50DC1C994AA700213D06 /* EditPDFController */,
				078D50F51C994AA700213D06 /* EditPDFControllerTests */,
				078D51001C994AA700213D06 /* EditPDFControllerUITests */,
			);
		};
/* End PBXProject section */

/* Begin PBXResourcesBuildPhase section */
		078D50DB1C994AA700213D06 /* Resources */ = {
			isa = PBXResourcesBuildPhase;
			buildActionMask = 2147483647;
			files = (
				078D51291C99527600213D06 /* b.pdf in Resources */,
				078D51201C994B0900213D06 /* a.xml in Resources */,
				078D50F01C994AA700213D06 /* LaunchScreen.storyboard in Resources */,
				078D50ED1C994AA700213D06 /* Assets.xcassets in Resources */,
				078D50EB1C994AA700213D06 /* Main.storyboard in Resources */,
				078D511F1C994B0900213D06 /* a.pdf in Resources */,
				E4152EEC1D7684A400E45B2D /* asdf.mp3 in Resources */,
			);
			runOnlyForDeploymentPostprocessing = 0;
		};
		078D50F41C994AA700213D06 /* Resources */ = {
			isa = PBXResourcesBuildPhase;
			buildActionMask = 2147483647;
			files = (
			);
			runOnlyForDeploymentPostprocessing = 0;
		};
		078D50FF1C994AA700213D06 /* Resources */ = {
			isa = PBXResourcesBuildPhase;
			buildActionMask = 2147483647;
			files = (
			);
			runOnlyForDeploymentPostprocessing = 0;
		};
/* End PBXResourcesBuildPhase section */

/* Begin PBXSourcesBuildPhase section */
		078D50D91C994AA700213D06 /* Sources */ = {
			isa = PBXSourcesBuildPhase;
			buildActionMask = 2147483647;
			files = (
				078D51401C99583500213D06 /* PdfTableCell.m in Sources */,
				078D51491C995A5400213D06 /* EFormBaseView.m in Sources */,
				078D50E81C994AA700213D06 /* ViewController.m in Sources */,
				E4820E921C9B93D700F3064F /* TBXML.m in Sources */,
				078D50E51C994AA700213D06 /* AppDelegate.m in Sources */,
				078D51431C9958B500213D06 /* TableViewForInputUI.m in Sources */,
				E4820E891C9B93A000F3064F /* EFormXMLEntity.m in Sources */,
				078D51461C9958C400213D06 /* PdfTableView.m in Sources */,
				E4820E821C9B936100F3064F /* EFormFileEntity.m in Sources */,
				078D51221C994B0900213D06 /* EFormUIImageView.m in Sources */,
				E4820E901C9B93D700F3064F /* EFormUtil.m in Sources */,
				E4820E811C9B936100F3064F /* EFormEntity.m in Sources */,
				E4820E911C9B93D700F3064F /* PDFRenderer.m in Sources */,
				078D50E21C994AA700213D06 /* main.m in Sources */,
				078D51211C994B0900213D06 /* EFormBaseViewController.m in Sources */,
			);
			runOnlyForDeploymentPostprocessing = 0;
		};
		078D50F21C994AA700213D06 /* Sources */ = {
			isa = PBXSourcesBuildPhase;
			buildActionMask = 2147483647;
			files = (
				078D50FB1C994AA700213D06 /* EditPDFControllerTests.m in Sources */,
			);
			runOnlyForDeploymentPostprocessing = 0;
		};
		078D50FD1C994AA700213D06 /* Sources */ = {
			isa = PBXSourcesBuildPhase;
			buildActionMask = 2147483647;
			files = (
				078D51061C994AA700213D06 /* EditPDFControllerUITests.m in Sources */,
			);
			runOnlyForDeploymentPostprocessing = 0;
		};
/* End PBXSourcesBuildPhase section */

/* Begin PBXTargetDependency section */
		078D50F81C994AA700213D06 /* PBXTargetDependency */ = {
			isa = PBXTargetDependency;
			target = 078D50DC1C994AA700213D06 /* EditPDFController */;
			targetProxy = 078D50F71C994AA700213D06 /* PBXContainerItemProxy */;
		};
		078D51031C994AA700213D06 /* PBXTargetDependency */ = {
			isa = PBXTargetDependency;
			target = 078D50DC1C994AA700213D06 /* EditPDFController */;
			targetProxy = 078D51021C994AA700213D06 /* PBXContainerItemProxy */;
		};
/* End PBXTargetDependency section */

/* Begin PBXVariantGroup section */
		078D50E91C994AA700213D06 /* Main.storyboard */ = {
			isa = PBXVariantGroup;
			children = (
				078D50EA1C994AA700213D06 /* Base */,
			);
			name = Main.storyboard;
			sourceTree = "<group>";
		};
		078D50EE1C994AA700213D06 /* LaunchScreen.storyboard */ = {
			isa = PBXVariantGroup;
			children = (
				078D50EF1C994AA700213D06 /* Base */,
			);
			name = LaunchScreen.storyboard;
			sourceTree = "<group>";
		};
/* End PBXVariantGroup section */

/* Begin XCBuildConfiguration section */
		078D51081C994AA700213D06 /* Debug */ = {
			isa = XCBuildConfiguration;
			buildSettings = {
				ALWAYS_SEARCH_USER_PATHS = NO;
				CLANG_CXX_LANGUAGE_STANDARD = "gnu++0x";
				CLANG_CXX_LIBRARY = "libc++";
				CLANG_ENABLE_MODULES = YES;
				CLANG_ENABLE_OBJC_ARC = YES;
				CLANG_WARN_BOOL_CONVERSION = YES;
				CLANG_WARN_CONSTANT_CONVERSION = YES;
				CLANG_WARN_DIRECT_OBJC_ISA_USAGE = YES_ERROR;
				CLANG_WARN_EMPTY_BODY = YES;
				CLANG_WARN_ENUM_CONVERSION = YES;
				CLANG_WARN_INT_CONVERSION = YES;
				CLANG_WARN_OBJC_ROOT_CLASS = YES_ERROR;
				CLANG_WARN_UNREACHABLE_CODE = YES;
				CLANG_WARN__DUPLICATE_METHOD_MATCH = YES;
				"CODE_SIGN_IDENTITY[sdk=iphoneos*]" = "iPhone Developer";
				COPY_PHASE_STRIP = NO;
				DEBUG_INFORMATION_FORMAT = dwarf;
				ENABLE_STRICT_OBJC_MSGSEND = YES;
				ENABLE_TESTABILITY = YES;
				FRAMEWORK_SEARCH_PATHS = "";
				GCC_C_LANGUAGE_STANDARD = gnu99;
				GCC_DYNAMIC_NO_PIC = NO;
				GCC_NO_COMMON_BLOCKS = YES;
				GCC_OPTIMIZATION_LEVEL = 0;
				GCC_PREPROCESSOR_DEFINITIONS = (
					"DEBUG=1",
					"$(inherited)",
				);
				GCC_WARN_64_TO_32_BIT_CONVERSION = YES;
				GCC_WARN_ABOUT_RETURN_TYPE = YES_ERROR;
				GCC_WARN_UNDECLARED_SELECTOR = YES;
				GCC_WARN_UNINITIALIZED_AUTOS = YES_AGGRESSIVE;
				GCC_WARN_UNUSED_FUNCTION = YES;
				GCC_WARN_UNUSED_VARIABLE = YES;
				IPHONEOS_DEPLOYMENT_TARGET = 8.0;
				MTL_ENABLE_DEBUG_INFO = YES;
				ONLY_ACTIVE_ARCH = YES;
				SDKROOT = iphoneos;
				TARGETED_DEVICE_FAMILY = "1,2";
			};
			name = Debug;
		};
		078D51091C994AA700213D06 /* Release */ = {
			isa = XCBuildConfiguration;
			buildSettings = {
				ALWAYS_SEARCH_USER_PATHS = NO;
				CLANG_CXX_LANGUAGE_STANDARD = "gnu++0x";
				CLANG_CXX_LIBRARY = "libc++";
				CLANG_ENABLE_MODULES = YES;
				CLANG_ENABLE_OBJC_ARC = YES;
				CLANG_WARN_BOOL_CONVERSION = YES;
				CLANG_WARN_CONSTANT_CONVERSION = YES;
				CLANG_WARN_DIRECT_OBJC_ISA_USAGE = YES_ERROR;
				CLANG_WARN_EMPTY_BODY = YES;
				CLANG_WARN_ENUM_CONVERSION = YES;
				CLANG_WARN_INT_CONVERSION = YES;
				CLANG_WARN_OBJC_ROOT_CLASS = YES_ERROR;
				CLANG_WARN_UNREACHABLE_CODE = YES;
				CLANG_WARN__DUPLICATE_METHOD_MATCH = YES;
				"CODE_SIGN_IDENTITY[sdk=iphoneos*]" = "iPhone Developer";
				COPY_PHASE_STRIP = NO;
				DEBUG_INFORMATION_FORMAT = "dwarf-with-dsym";
				ENABLE_NS_ASSERTIONS = NO;
				ENABLE_STRICT_OBJC_MSGSEND = YES;
				FRAMEWORK_SEARCH_PATHS = "";
				GCC_C_LANGUAGE_STANDARD = gnu99;
				GCC_NO_COMMON_BLOCKS = YES;
				GCC_WARN_64_TO_32_BIT_CONVERSION = YES;
				GCC_WARN_ABOUT_RETURN_TYPE = YES_ERROR;
				GCC_WARN_UNDECLARED_SELECTOR = YES;
				GCC_WARN_UNINITIALIZED_AUTOS = YES_AGGRESSIVE;
				GCC_WARN_UNUSED_FUNCTION = YES;
				GCC_WARN_UNUSED_VARIABLE = YES;
				IPHONEOS_DEPLOYMENT_TARGET = 8.0;
				MTL_ENABLE_DEBUG_INFO = NO;
				SDKROOT = iphoneos;
				TARGETED_DEVICE_FAMILY = "1,2";
				VALIDATE_PRODUCT = YES;
			};
			name = Release;
		};
		078D510B1C994AA700213D06 /* Debug */ = {
			isa = XCBuildConfiguration;
			buildSettings = {
				ASSETCATALOG_COMPILER_APPICON_NAME = AppIcon;
				CODE_SIGN_IDENTITY = "iPhone Developer";
				FRAMEWORK_SEARCH_PATHS = "";
				HEADER_SEARCH_PATHS = "";
				INFOPLIST_FILE = EditPDFController/Info.plist;
				IPHONEOS_DEPLOYMENT_TARGET = 8.0;
				LD_QUOTE_LINKER_ARGUMENTS_FOR_COMPILER_DRIVER = YES;
				LD_RUNPATH_SEARCH_PATHS = "$(inherited) @executable_path/Frameworks";
				LIBRARY_SEARCH_PATHS = "";
				LINK_WITH_STANDARD_LIBRARIES = YES;
				OTHER_LDFLAGS = "-lxml2";
				PRODUCT_BUNDLE_IDENTIFIER = com.dh.EditPDFController;
				PRODUCT_NAME = "$(TARGET_NAME)";
				USE_HEADERMAP = NO;
			};
			name = Debug;
		};
		078D510C1C994AA700213D06 /* Release */ = {
			isa = XCBuildConfiguration;
			buildSettings = {
				ASSETCATALOG_COMPILER_APPICON_NAME = AppIcon;
				CODE_SIGN_IDENTITY = "iPhone Developer";
				FRAMEWORK_SEARCH_PATHS = "";
				HEADER_SEARCH_PATHS = "";
				INFOPLIST_FILE = EditPDFController/Info.plist;
				IPHONEOS_DEPLOYMENT_TARGET = 8.0;
				LD_QUOTE_LINKER_ARGUMENTS_FOR_COMPILER_DRIVER = YES;
				LD_RUNPATH_SEARCH_PATHS = "$(inherited) @executable_path/Frameworks";
				LIBRARY_SEARCH_PATHS = "";
				LINK_WITH_STANDARD_LIBRARIES = YES;
				OTHER_LDFLAGS = "-lxml2";
				PRODUCT_BUNDLE_IDENTIFIER = com.dh.EditPDFController;
				PRODUCT_NAME = "$(TARGET_NAME)";
				USE_HEADERMAP = NO;
			};
			name = Release;
		};
		078D510E1C994AA700213D06 /* Debug */ = {
			isa = XCBuildConfiguration;
			buildSettings = {
				BUNDLE_LOADER = "$(TEST_HOST)";
				INFOPLIST_FILE = EditPDFControllerTests/Info.plist;
				LD_RUNPATH_SEARCH_PATHS = "$(inherited) @executable_path/Frameworks @loader_path/Frameworks";
				PRODUCT_BUNDLE_IDENTIFIER = com.dh.EditPDFControllerTests;
				PRODUCT_NAME = "$(TARGET_NAME)";
				TEST_HOST = "$(BUILT_PRODUCTS_DIR)/EditPDFController.app/EditPDFController";
			};
			name = Debug;
		};
		078D510F1C994AA700213D06 /* Release */ = {
			isa = XCBuildConfiguration;
			buildSettings = {
				BUNDLE_LOADER = "$(TEST_HOST)";
				INFOPLIST_FILE = EditPDFControllerTests/Info.plist;
				LD_RUNPATH_SEARCH_PATHS = "$(inherited) @executable_path/Frameworks @loader_path/Frameworks";
				PRODUCT_BUNDLE_IDENTIFIER = com.dh.EditPDFControllerTests;
				PRODUCT_NAME = "$(TARGET_NAME)";
				TEST_HOST = "$(BUILT_PRODUCTS_DIR)/EditPDFController.app/EditPDFController";
			};
			name = Release;
		};
		078D51111C994AA700213D06 /* Debug */ = {
			isa = XCBuildConfiguration;
			buildSettings = {
				INFOPLIST_FILE = EditPDFControllerUITests/Info.plist;
				LD_RUNPATH_SEARCH_PATHS = "$(inherited) @executable_path/Frameworks @loader_path/Frameworks";
				PRODUCT_BUNDLE_IDENTIFIER = com.dh.EditPDFControllerUITests;
				PRODUCT_NAME = "$(TARGET_NAME)";
				TEST_TARGET_NAME = EditPDFController;
				USES_XCTRUNNER = YES;
			};
			name = Debug;
		};
		078D51121C994AA700213D06 /* Release */ = {
			isa = XCBuildConfiguration;
			buildSettings = {
				INFOPLIST_FILE = EditPDFControllerUITests/Info.plist;
				LD_RUNPATH_SEARCH_PATHS = "$(inherited) @executable_path/Frameworks @loader_path/Frameworks";
				PRODUCT_BUNDLE_IDENTIFIER = com.dh.EditPDFControllerUITests;
				PRODUCT_NAME = "$(TARGET_NAME)";
				TEST_TARGET_NAME = EditPDFController;
				USES_XCTRUNNER = YES;
			};
			name = Release;
		};
/* End XCBuildConfiguration section */

/* Begin XCConfigurationList section */
		078D50D81C994AA700213D06 /* Build configuration list for PBXProject "EditPDFController" */ = {
			isa = XCConfigurationList;
			buildConfigurations = (
				078D51081C994AA700213D06 /* Debug */,
				078D51091C994AA700213D06 /* Release */,
			);
			defaultConfigurationIsVisible = 0;
			defaultConfigurationName = Release;
		};
		078D510A1C994AA700213D06 /* Build configuration list for PBXNativeTarget "EditPDFController" */ = {
			isa = XCConfigurationList;
			buildConfigurations = (
				078D510B1C994AA700213D06 /* Debug */,
				078D510C1C994AA700213D06 /* Release */,
			);
			defaultConfigurationIsVisible = 0;
			defaultConfigurationName = Release;
		};
		078D510D1C994AA700213D06 /* Build configuration list for PBXNativeTarget "EditPDFControllerTests" */ = {
			isa = XCConfigurationList;
			buildConfigurations = (
				078D510E1C994AA700213D06 /* Debug */,
				078D510F1C994AA700213D06 /* Release */,
			);
			defaultConfigurationIsVisible = 0;
			defaultConfigurationName = Release;
		};
		078D51101C994AA700213D06 /* Build configuration list for PBXNativeTarget "EditPDFControllerUITests" */ = {
			isa = XCConfigurationList;
			buildConfigurations = (
				078D51111C994AA700213D06 /* Debug */,
				078D51121C994AA700213D06 /* Release */,
			);
			defaultConfigurationIsVisible = 0;
			defaultConfigurationName = Release;
		};
/* End XCConfigurationList section */
	};
	rootObject = 078D50D51C994AA700213D06 /* Project object */;
}
